
Microsoft Visual Studio Solution File, Format Version 10.00
# Visual Studio 2008
Project("{8BC9CEB8-8B4A-11D0-8D11-00A0C91BC942}") = "game", "game.vcproj", "{D8C1FFF0-72F9-4C24-8E9E-486946E5228C}"
EndProject
Global
	GlobalSection(SolutionConfigurationPlatforms) = preSolution
		Debug Alpha|Win32 = Debug Alpha|Win32
		Debug|Win32 = Debug|Win32
		Release Alpha|Win32 = Release Alpha|Win32
		Release|Win32 = Release|Win32
	EndGlobalSection
	GlobalSection(ProjectConfigurationPlatforms) = postSolution
		{D8C1FFF0-72F9-4C24-8E9E-486946E5228C}.Debug Alpha|Win32.ActiveCfg = Release|Win32
		{D8C1FFF0-72F9-4C24-8E9E-486946E5228C}.Debug Alpha|Win32.Build.0 = Release|Win32
		{D8C1FFF0-72F9-4C24-8E9E-486946E5228C}.Debug|Win32.ActiveCfg = Debug|Win32
		{D8C1FFF0-72F9-4C24-8E9E-486946E5228C}.Debug|Win32.Build.0 = Debug|Win32
		{D8C1FFF0-72F9-4C24-8E9E-486946E5228C}.Release Alpha|Win32.ActiveCfg = Release Alpha|Win32
		{D8C1FFF0-72F9-4C24-8E9E-486946E5228C}.Release Alpha|Win32.Build.0 = Release Alpha|Win32
		{D8C1FFF0-72F9-4C24-8E9E-486946E5228C}.Release|Win32.ActiveCfg = Release|Win32
		{D8C1FFF0-72F9-4C24-8E9E-486946E5228C}.Release|Win32.Build.0 = Release|Win32
	EndGlobalSection
	GlobalSection(SolutionProperties) = preSolution
		HideSolutionNode = FALSE
	EndGlobalSection
EndGlobal
